
Microsoft Visual Studio Solution File, Format Version 12.00
# Visual Studio Version 17
VisualStudioVersion = 17.1.32319.34
MinimumVisualStudioVersion = 10.0.40219.1
Project("{FAE04EC0-301F-11D3-BF4B-00C04F79EFBC}") = "MultithreadedPipeServer", "MultithreadedPipeServer\MultithreadedPipeServer.csproj", "{FF008261-9954-4FEC-B3A8-1F48BB3DBE8D}"
EndProject
Project("{FAE04EC0-301F-11D3-BF4B-00C04F79EFBC}") = "NamedPipesServer", "NamedPipesServer\NamedPipesServer.csproj", "{C6AEB04B-6E34-4267-A1E6-AC775AF06076}"
EndProject
Project("{FAE04EC0-301F-11D3-BF4B-00C04F79EFBC}") = "PipeClient", "PipeClient\PipeClient.csproj", "{F57B3E74-B648-41A7-94C9-4CB1D637B24C}"
EndProject
Global
	GlobalSection(SolutionConfigurationPlatforms) = preSolution
		Debug|Any CPU = Debug|Any CPU
		Release|Any CPU = Release|Any CPU
	EndGlobalSection
	GlobalSection(ProjectConfigurationPlatforms) = postSolution
		{FF008261-9954-4FEC-B3A8-1F48BB3DBE8D}.Debug|Any CPU.ActiveCfg = Debug|Any CPU
		{FF008261-9954-4FEC-B3A8-1F48BB3DBE8D}.Debug|Any CPU.Build.0 = Debug|Any CPU
		{FF008261-9954-4FEC-B3A8-1F48BB3DBE8D}.Release|Any CPU.ActiveCfg = Release|Any CPU
		{FF008261-9954-4FEC-B3A8-1F48BB3DBE8D}.Release|Any CPU.Build.0 = Release|Any CPU
		{C6AEB04B-6E34-4267-A1E6-AC775AF06076}.Debug|Any CPU.ActiveCfg = Debug|Any CPU
		{C6AEB04B-6E34-4267-A1E6-AC775AF06076}.Debug|Any CPU.Build.0 = Debug|Any CPU
		{C6AEB04B-6E34-4267-A1E6-AC775AF06076}.Release|Any CPU.ActiveCfg = Release|Any CPU
		{C6AEB04B-6E34-4267-A1E6-AC775AF06076}.Release|Any CPU.Build.0 = Release|Any CPU
		{F57B3E74-B648-41A7-94C9-4CB1D637B24C}.Debug|Any CPU.ActiveCfg = Debug|Any CPU
		{F57B3E74-B648-41A7-94C9-4CB1D637B24C}.Debug|Any CPU.Build.0 = Debug|Any CPU
		{F57B3E74-B648-41A7-94C9-4CB1D637B24C}.Release|Any CPU.ActiveCfg = Release|Any CPU
		{F57B3E74-B648-41A7-94C9-4CB1D637B24C}.Release|Any CPU.Build.0 = Release|Any CPU
	EndGlobalSection
	GlobalSection(SolutionProperties) = preSolution
		HideSolutionNode = FALSE
	EndGlobalSection
	GlobalSection(ExtensibilityGlobals) = postSolution
		SolutionGuid = {1C39D9E4-3556-4715-8C1B-2749657D065E}
	EndGlobalSection
EndGlobal
